# THIS IS AN AUTOGENERATED FILE. DO NOT EDIT THIS FILE DIRECTLY.
# yarn lockfile v1


"@next/env@12.2.2":
  version "12.2.2"
  resolved "https://pkgs.dev.azure.com/atlasgov/aaff9470-f07a-4030-b504-ece973fef3b6/_packaging/AtlasDesignSystem/npm/registry/@next/env/-/env-12.2.2.tgz#cc1a0a445bd254499e30f632968c03192455f4cc"
  integrity sha1-zBoKRFvSVEmeMPYylowDGSRV9Mw=

"@next/swc-android-arm-eabi@12.2.2":
  version "12.2.2"
  resolved "https://pkgs.dev.azure.com/atlasgov/aaff9470-f07a-4030-b504-ece973fef3b6/_packaging/AtlasDesignSystem/npm/registry/@next/swc-android-arm-eabi/-/swc-android-arm-eabi-12.2.2.tgz#f6c4111e6371f73af6bf80c9accb3d96850a92cd"
  integrity sha1-9sQRHmNx9zr2v4DJrMs9loUKks0=

"@next/swc-android-arm64@12.2.2":
  version "12.2.2"
  resolved "https://pkgs.dev.azure.com/atlasgov/aaff9470-f07a-4030-b504-ece973fef3b6/_packaging/AtlasDesignSystem/npm/registry/@next/swc-android-arm64/-/swc-android-arm64-12.2.2.tgz#b69de59c51e631a7600439e7a8993d6e82f3369e"
  integrity sha1-tp3lnFHmMadgBDnnqJk9boLzNp4=

"@next/swc-darwin-arm64@12.2.2":
  version "12.2.2"
  resolved "https://pkgs.dev.azure.com/atlasgov/aaff9470-f07a-4030-b504-ece973fef3b6/_packaging/AtlasDesignSystem/npm/registry/@next/swc-darwin-arm64/-/swc-darwin-arm64-12.2.2.tgz#80157c91668eff95b72d052428c353eab0fc4c50"
  integrity sha1-gBV8kWaO/5W3LQUkKMNT6rD8TFA=

"@next/swc-darwin-x64@12.2.2":
  version "12.2.2"
  resolved "https://pkgs.dev.azure.com/atlasgov/aaff9470-f07a-4030-b504-ece973fef3b6/_packaging/AtlasDesignSystem/npm/registry/@next/swc-darwin-x64/-/swc-darwin-x64-12.2.2.tgz#12be2f58e676fccff3d48a62921b9927ed295133"
  integrity sha1-Er4vWOZ2/M/z1IpikhuZJ+0pUTM=

"@next/swc-freebsd-x64@12.2.2":
  version "12.2.2"
  resolved "https://pkgs.dev.azure.com/atlasgov/aaff9470-f07a-4030-b504-ece973fef3b6/_packaging/AtlasDesignSystem/npm/registry/@next/swc-freebsd-x64/-/swc-freebsd-x64-12.2.2.tgz#de1363431a49059f1efb8c0f86ce6a79c53b3a95"
  integrity sha1-3hNjQxpJBZ8e+4wPhs5qecU7OpU=

"@next/swc-linux-arm-gnueabihf@12.2.2":
  version "12.2.2"
  resolved "https://pkgs.dev.azure.com/atlasgov/aaff9470-f07a-4030-b504-ece973fef3b6/_packaging/AtlasDesignSystem/npm/registry/@next/swc-linux-arm-gnueabihf/-/swc-linux-arm-gnueabihf-12.2.2.tgz#d5b8e0d1bb55bbd9db4d2fec018217471dc8b9e6"
  integrity sha1-1bjg0btVu9nbTS/sAYIXRx3IueY=

"@next/swc-linux-arm64-gnu@12.2.2":
  version "12.2.2"
  resolved "https://pkgs.dev.azure.com/atlasgov/aaff9470-f07a-4030-b504-ece973fef3b6/_packaging/AtlasDesignSystem/npm/registry/@next/swc-linux-arm64-gnu/-/swc-linux-arm64-gnu-12.2.2.tgz#3bc75984e1d5ec8f59eb53702cc382d8e1be2061"
  integrity sha1-O8dZhOHV7I9Z61NwLMOC2OG+IGE=

"@next/swc-linux-arm64-musl@12.2.2":
  version "12.2.2"
  resolved "https://pkgs.dev.azure.com/atlasgov/aaff9470-f07a-4030-b504-ece973fef3b6/_packaging/AtlasDesignSystem/npm/registry/@next/swc-linux-arm64-musl/-/swc-linux-arm64-musl-12.2.2.tgz#270db73e07a18d999f61e79a917943fa5bc1ef56"
  integrity sha1-Jw23PgehjZmfYeeakXlD+lvB71Y=

"@next/swc-linux-x64-gnu@12.2.2":
  version "12.2.2"
  resolved "https://pkgs.dev.azure.com/atlasgov/aaff9470-f07a-4030-b504-ece973fef3b6/_packaging/AtlasDesignSystem/npm/registry/@next/swc-linux-x64-gnu/-/swc-linux-x64-gnu-12.2.2.tgz#e6c72fa20478552e898c434f4d4c0c5e89d2ea78"
  integrity sha1-5scvogR4VS6JjENPTUwMXonS6ng=

"@next/swc-linux-x64-musl@12.2.2":
  version "12.2.2"
  resolved "https://pkgs.dev.azure.com/atlasgov/aaff9470-f07a-4030-b504-ece973fef3b6/_packaging/AtlasDesignSystem/npm/registry/@next/swc-linux-x64-musl/-/swc-linux-x64-musl-12.2.2.tgz#b9ef9efe2c401839cdefa5e70402386aafdce15a"
  integrity sha1-ue+e/ixAGDnN76XnBAI4aq/c4Vo=

"@next/swc-win32-arm64-msvc@12.2.2":
  version "12.2.2"
  resolved "https://pkgs.dev.azure.com/atlasgov/aaff9470-f07a-4030-b504-ece973fef3b6/_packaging/AtlasDesignSystem/npm/registry/@next/swc-win32-arm64-msvc/-/swc-win32-arm64-msvc-12.2.2.tgz#18fa7ec7248da3a7926a0601d9ececc53ac83157"
  integrity sha1-GPp+xySNo6eSagYB2ezsxTrIMVc=

"@next/swc-win32-ia32-msvc@12.2.2":
  version "12.2.2"
  resolved "https://pkgs.dev.azure.com/atlasgov/aaff9470-f07a-4030-b504-ece973fef3b6/_packaging/AtlasDesignSystem/npm/registry/@next/swc-win32-ia32-msvc/-/swc-win32-ia32-msvc-12.2.2.tgz#54936e84f4a219441d051940354da7cd3eafbb4f"
  integrity sha1-VJNuhPSiGUQdBRlANU2nzT6vu08=

"@next/swc-win32-x64-msvc@12.2.2":
  version "12.2.2"
  resolved "https://pkgs.dev.azure.com/atlasgov/aaff9470-f07a-4030-b504-ece973fef3b6/_packaging/AtlasDesignSystem/npm/registry/@next/swc-win32-x64-msvc/-/swc-win32-x64-msvc-12.2.2.tgz#7460be700a60d75816f01109400b51fe929d7e89"
  integrity sha1-dGC+cApg11gW8BEJQAtR/pKdfok=

"@swc/helpers@0.4.2":
  version "0.4.2"
  resolved "https://pkgs.dev.azure.com/atlasgov/aaff9470-f07a-4030-b504-ece973fef3b6/_packaging/AtlasDesignSystem/npm/registry/@swc/helpers/-/helpers-0.4.2.tgz#ed1f6997ffbc22396665d9ba74e2a5c0a2d782f8"
  integrity sha1-7R9pl/+8IjlmZdm6dOKlwKLXgvg=
  dependencies:
    tslib "^2.4.0"

argparse@^1.0.7:
  version "1.0.10"
  resolved "https://pkgs.dev.azure.com/atlasgov/aaff9470-f07a-4030-b504-ece973fef3b6/_packaging/AtlasDesignSystem/npm/registry/argparse/-/argparse-1.0.10.tgz#bcd6791ea5ae09725e17e5ad988134cd40b3d911"
  integrity sha1-vNZ5HqWuCXJeF+WtmIE0zUCz2RE=
  dependencies:
    sprintf-js "~1.0.2"

caniuse-lite@^1.0.30001332:
  version "1.0.30001367"
  resolved "https://pkgs.dev.azure.com/atlasgov/aaff9470-f07a-4030-b504-ece973fef3b6/_packaging/AtlasDesignSystem/npm/registry/caniuse-lite/-/caniuse-lite-1.0.30001367.tgz#2b97fe472e8fa29c78c5970615d7cd2ee414108a"
  integrity sha1-K5f+Ry6Popx4xZcGFdfNLuQUEIo=

esprima@^4.0.0:
  version "4.0.1"
  resolved "https://pkgs.dev.azure.com/atlasgov/aaff9470-f07a-4030-b504-ece973fef3b6/_packaging/AtlasDesignSystem/npm/registry/esprima/-/esprima-4.0.1.tgz#13b04cdb3e6c5d19df91ab6987a8695619b0aa71"
  integrity sha1-E7BM2z5sXRnfkatph6hpVhmwqnE=

extend-shallow@^2.0.1:
  version "2.0.1"
  resolved "https://pkgs.dev.azure.com/atlasgov/aaff9470-f07a-4030-b504-ece973fef3b6/_packaging/AtlasDesignSystem/npm/registry/extend-shallow/-/extend-shallow-2.0.1.tgz#51af7d614ad9a9f610ea1bafbb989d6b1c56890f"
  integrity sha1-Ua99YUrZqfYQ6huvu5idaxxWiQ8=
  dependencies:
    is-extendable "^0.1.0"

gray-matter@^4.0.3:
  version "4.0.3"
  resolved "https://pkgs.dev.azure.com/atlasgov/aaff9470-f07a-4030-b504-ece973fef3b6/_packaging/AtlasDesignSystem/npm/registry/gray-matter/-/gray-matter-4.0.3.tgz#e893c064825de73ea1f5f7d88c7a9f7274288798"
  integrity sha1-6JPAZIJd5z6h9ffYjHqfcnQoh5g=
  dependencies:
    js-yaml "^3.13.1"
    kind-of "^6.0.2"
    section-matter "^1.0.0"
    strip-bom-string "^1.0.0"

is-extendable@^0.1.0:
  version "0.1.1"
  resolved "https://pkgs.dev.azure.com/atlasgov/aaff9470-f07a-4030-b504-ece973fef3b6/_packaging/AtlasDesignSystem/npm/registry/is-extendable/-/is-extendable-0.1.1.tgz#62b110e289a471418e3ec36a617d472e301dfc89"
  integrity sha1-YrEQ4omkcUGOPsNqYX1HLjAd/Ik=

"js-tokens@^3.0.0 || ^4.0.0":
  version "4.0.0"
  resolved "https://pkgs.dev.azure.com/atlasgov/aaff9470-f07a-4030-b504-ece973fef3b6/_packaging/AtlasDesignSystem/npm/registry/js-tokens/-/js-tokens-4.0.0.tgz#19203fb59991df98e3a287050d4647cdeaf32499"
  integrity sha1-GSA/tZmR35jjoocFDUZHzerzJJk=

js-yaml@^3.13.1:
  version "3.14.1"
  resolved "https://pkgs.dev.azure.com/atlasgov/aaff9470-f07a-4030-b504-ece973fef3b6/_packaging/AtlasDesignSystem/npm/registry/js-yaml/-/js-yaml-3.14.1.tgz#dae812fdb3825fa306609a8717383c50c36a0537"
  integrity sha1-2ugS/bOCX6MGYJqHFzg8UMNqBTc=
  dependencies:
    argparse "^1.0.7"
    esprima "^4.0.0"

kind-of@^6.0.0, kind-of@^6.0.2:
  version "6.0.3"
  resolved "https://pkgs.dev.azure.com/atlasgov/aaff9470-f07a-4030-b504-ece973fef3b6/_packaging/AtlasDesignSystem/npm/registry/kind-of/-/kind-of-6.0.3.tgz#07c05034a6c349fa06e24fa35aa76db4580ce4dd"
  integrity sha1-B8BQNKbDSfoG4k+jWqdttFgM5N0=

loose-envify@^1.1.0:
  version "1.4.0"
  resolved "https://pkgs.dev.azure.com/atlasgov/aaff9470-f07a-4030-b504-ece973fef3b6/_packaging/AtlasDesignSystem/npm/registry/loose-envify/-/loose-envify-1.4.0.tgz#71ee51fa7be4caec1a63839f7e682d8132d30caf"
  integrity sha1-ce5R+nvkyuwaY4OffmgtgTLTDK8=
  dependencies:
    js-tokens "^3.0.0 || ^4.0.0"

nanoid@^3.1.30:
  version "3.3.4"
  resolved "https://pkgs.dev.azure.com/atlasgov/aaff9470-f07a-4030-b504-ece973fef3b6/_packaging/AtlasDesignSystem/npm/registry/nanoid/-/nanoid-3.3.4.tgz#730b67e3cd09e2deacf03c027c81c9d9dbc5e8ab"
  integrity sha1-cwtn480J4t6s8DwCfIHJ2dvF6Ks=

next@latest:
  version "12.2.2"
  resolved "https://pkgs.dev.azure.com/atlasgov/aaff9470-f07a-4030-b504-ece973fef3b6/_packaging/AtlasDesignSystem/npm/registry/next/-/next-12.2.2.tgz#029bf5e4a18a891ca5d05b189b7cd983fd22c072"
  integrity sha1-Apv15KGKiRyl0FsYm3zZg/0iwHI=
  dependencies:
    "@next/env" "12.2.2"
    "@swc/helpers" "0.4.2"
    caniuse-lite "^1.0.30001332"
    postcss "8.4.5"
    styled-jsx "5.0.2"
    use-sync-external-store "1.1.0"
  optionalDependencies:
    "@next/swc-android-arm-eabi" "12.2.2"
    "@next/swc-android-arm64" "12.2.2"
    "@next/swc-darwin-arm64" "12.2.2"
    "@next/swc-darwin-x64" "12.2.2"
    "@next/swc-freebsd-x64" "12.2.2"
    "@next/swc-linux-arm-gnueabihf" "12.2.2"
    "@next/swc-linux-arm64-gnu" "12.2.2"
    "@next/swc-linux-arm64-musl" "12.2.2"
    "@next/swc-linux-x64-gnu" "12.2.2"
    "@next/swc-linux-x64-musl" "12.2.2"
    "@next/swc-win32-arm64-msvc" "12.2.2"
    "@next/swc-win32-ia32-msvc" "12.2.2"
    "@next/swc-win32-x64-msvc" "12.2.2"

object-assign@^4.1.1:
  version "4.1.1"
  resolved "https://pkgs.dev.azure.com/atlasgov/aaff9470-f07a-4030-b504-ece973fef3b6/_packaging/AtlasDesignSystem/npm/registry/object-assign/-/object-assign-4.1.1.tgz#2109adc7965887cfc05cbbd442cac8bfbb360863"
  integrity sha1-IQmtx5ZYh8/AXLvUQsrIv7s2CGM=

picocolors@^1.0.0:
  version "1.0.0"
  resolved "https://pkgs.dev.azure.com/atlasgov/aaff9470-f07a-4030-b504-ece973fef3b6/_packaging/AtlasDesignSystem/npm/registry/picocolors/-/picocolors-1.0.0.tgz#cb5bdc74ff3f51892236eaf79d68bc44564ab81c"
  integrity sha1-y1vcdP8/UYkiNur3nWi8RFZKuBw=

postcss@8.4.5:
  version "8.4.5"
  resolved "https://pkgs.dev.azure.com/atlasgov/aaff9470-f07a-4030-b504-ece973fef3b6/_packaging/AtlasDesignSystem/npm/registry/postcss/-/postcss-8.4.5.tgz#bae665764dfd4c6fcc24dc0fdf7e7aa00cc77f95"
  integrity sha1-uuZldk39TG/MJNwP3356oAzHf5U=
  dependencies:
    nanoid "^3.1.30"
    picocolors "^1.0.0"
    source-map-js "^1.0.1"

react-dom@17.0.2:
  version "17.0.2"
  resolved "https://pkgs.dev.azure.com/atlasgov/aaff9470-f07a-4030-b504-ece973fef3b6/_packaging/AtlasDesignSystem/npm/registry/react-dom/-/react-dom-17.0.2.tgz#ecffb6845e3ad8dbfcdc498f0d0a939736502c23"
  integrity sha1-7P+2hF462Nv83EmPDQqTlzZQLCM=
  dependencies:
    loose-envify "^1.1.0"
    object-assign "^4.1.1"
    scheduler "^0.20.2"

react@17.0.2:
  version "17.0.2"
  resolved "https://pkgs.dev.azure.com/atlasgov/aaff9470-f07a-4030-b504-ece973fef3b6/_packaging/AtlasDesignSystem/npm/registry/react/-/react-17.0.2.tgz#d0b5cc516d29eb3eee383f75b62864cfb6800037"
  integrity sha1-0LXMUW0p6z7uOD91tihkz7aAADc=
  dependencies:
    loose-envify "^1.1.0"
    object-assign "^4.1.1"

scheduler@^0.20.2:
  version "0.20.2"
  resolved "https://pkgs.dev.azure.com/atlasgov/aaff9470-f07a-4030-b504-ece973fef3b6/_packaging/AtlasDesignSystem/npm/registry/scheduler/-/scheduler-0.20.2.tgz#4baee39436e34aa93b4874bddcbf0fe8b8b50e91"
  integrity sha1-S67jlDbjSqk7SHS93L8P6Li1DpE=
  dependencies:
    loose-envify "^1.1.0"
    object-assign "^4.1.1"

section-matter@^1.0.0:
  version "1.0.0"
  resolved "https://pkgs.dev.azure.com/atlasgov/aaff9470-f07a-4030-b504-ece973fef3b6/_packaging/AtlasDesignSystem/npm/registry/section-matter/-/section-matter-1.0.0.tgz#e9041953506780ec01d59f292a19c7b850b84167"
  integrity sha1-6QQZU1BngOwB1Z8pKhnHuFC4QWc=
  dependencies:
    extend-shallow "^2.0.1"
    kind-of "^6.0.0"

source-map-js@^1.0.1:
  version "1.0.2"
  resolved "https://pkgs.dev.azure.com/atlasgov/aaff9470-f07a-4030-b504-ece973fef3b6/_packaging/AtlasDesignSystem/npm/registry/source-map-js/-/source-map-js-1.0.2.tgz#adbc361d9c62df380125e7f161f71c826f1e490c"
  integrity sha1-rbw2HZxi3zgBJefxYfccgm8eSQw=

sprintf-js@~1.0.2:
  version "1.0.3"
  resolved "https://pkgs.dev.azure.com/atlasgov/aaff9470-f07a-4030-b504-ece973fef3b6/_packaging/AtlasDesignSystem/npm/registry/sprintf-js/-/sprintf-js-1.0.3.tgz#04e6926f662895354f3dd015203633b857297e2c"
  integrity sha1-BOaSb2YolTVPPdAVIDYzuFcpfiw=

strip-bom-string@^1.0.0:
  version "1.0.0"
  resolved "https://pkgs.dev.azure.com/atlasgov/aaff9470-f07a-4030-b504-ece973fef3b6/_packaging/AtlasDesignSystem/npm/registry/strip-bom-string/-/strip-bom-string-1.0.0.tgz#e5211e9224369fbb81d633a2f00044dc8cedad92"
  integrity sha1-5SEekiQ2n7uB1jOi8ABE3IztrZI=

styled-jsx@5.0.2:
  version "5.0.2"
  resolved "https://pkgs.dev.azure.com/atlasgov/aaff9470-f07a-4030-b504-ece973fef3b6/_packaging/AtlasDesignSystem/npm/registry/styled-jsx/-/styled-jsx-5.0.2.tgz#ff230fd593b737e9e68b630a694d460425478729"
  integrity sha1-/yMP1ZO3N+nmi2MKaU1GBCVHhyk=

tslib@^2.4.0:
  version "2.4.0"
  resolved "https://pkgs.dev.azure.com/atlasgov/aaff9470-f07a-4030-b504-ece973fef3b6/_packaging/AtlasDesignSystem/npm/registry/tslib/-/tslib-2.4.0.tgz#7cecaa7f073ce680a05847aa77be941098f36dc3"
  integrity sha1-fOyqfwc85oCgWEeqd76UEJjzbcM=

use-sync-external-store@1.1.0:
  version "1.1.0"
  resolved "https://pkgs.dev.azure.com/atlasgov/aaff9470-f07a-4030-b504-ece973fef3b6/_packaging/AtlasDesignSystem/npm/registry/use-sync-external-store/-/use-sync-external-store-1.1.0.tgz#3343c3fe7f7e404db70f8c687adf5c1652d34e82"
  integrity sha1-M0PD/n9+QE23D4xoet9cFlLTToI=
